
Microsoft Visual Studio Solution File, Format Version 12.00
# Visual Studio Version 16
VisualStudioVersion = 16.0.31515.178
MinimumVisualStudioVersion = 10.0.40219.1
Project("{FAE04EC0-301F-11D3-BF4B-00C04F79EFBC}") = "YmChat", "YmChat\YmChat.csproj", "{05CC7836-C0D7-49A7-A79E-6793F3BAE85D}"
EndProject
Global
	GlobalSection(SolutionConfigurationPlatforms) = preSolution
		Debug|Any CPU = Debug|Any CPU
		Release|Any CPU = Release|Any CPU
	EndGlobalSection
	GlobalSection(ProjectConfigurationPlatforms) = postSolution
		{05CC7836-C0D7-49A7-A79E-6793F3BAE85D}.Debug|Any CPU.ActiveCfg = Debug|Any CPU
		{05CC7836-C0D7-49A7-A79E-6793F3BAE85D}.Debug|Any CPU.Build.0 = Debug|Any CPU
		{05CC7836-C0D7-49A7-A79E-6793F3BAE85D}.Release|Any CPU.ActiveCfg = Release|Any CPU
		{05CC7836-C0D7-49A7-A79E-6793F3BAE85D}.Release|Any CPU.Build.0 = Release|Any CPU
	EndGlobalSection
	GlobalSection(SolutionProperties) = preSolution
		HideSolutionNode = FALSE
	EndGlobalSection
	GlobalSection(ExtensibilityGlobals) = postSolution
		SolutionGuid = {0BBB0A7D-EEDF-4140-91C7-7E5E84A5A348}
	EndGlobalSection
EndGlobal
